
Microsoft Visual Studio Solution File, Format Version 12.00
# Visual Studio Version 17
VisualStudioVersion = 17.3.32929.385
MinimumVisualStudioVersion = 10.0.40219.1
Project("{FAE04EC0-301F-11D3-BF4B-00C04F79EFBC}") = "Stoica_Denisa_Lab1", "Stoica_Denisa_Lab1.csproj", "{9FAC62F7-4140-4286-B172-C495F48E52CE}"
EndProject
Global
	GlobalSection(SolutionConfigurationPlatforms) = preSolution
		Debug|Any CPU = Debug|Any CPU
		Release|Any CPU = Release|Any CPU
	EndGlobalSection
	GlobalSection(ProjectConfigurationPlatforms) = postSolution
		{9FAC62F7-4140-4286-B172-C495F48E52CE}.Debug|Any CPU.ActiveCfg = Debug|Any CPU
		{9FAC62F7-4140-4286-B172-C495F48E52CE}.Debug|Any CPU.Build.0 = Debug|Any CPU
		{9FAC62F7-4140-4286-B172-C495F48E52CE}.Release|Any CPU.ActiveCfg = Release|Any CPU
		{9FAC62F7-4140-4286-B172-C495F48E52CE}.Release|Any CPU.Build.0 = Release|Any CPU
	EndGlobalSection
	GlobalSection(SolutionProperties) = preSolution
		HideSolutionNode = FALSE
	EndGlobalSection
	GlobalSection(ExtensibilityGlobals) = postSolution
		SolutionGuid = {BA5AD830-736A-472B-8322-2D8DD3267612}
	EndGlobalSection
EndGlobal
